{
  "nodes": {
    "bingus": {
      "inputs": {
        "flakelight": "flakelight",
        "nixpkgs": [
          "nixpkgs"
        ],
        "pyproject-build-systems": "pyproject-build-systems",
        "pyproject-nix": "pyproject-nix",
        "uv2nix": "uv2nix"
      },
      "locked": {
        "lastModified": 1761868163,
        "narHash": "sha256-YJtofqcj+T21aQ7odpjGfVnWrNkxQBLLadT3RpXRGS8=",
        "owner": "Bwc9876",
        "repo": "bingus-bot",
        "rev": "7d478090e875dc7425359891f40874ed55c11946",
        "type": "github"
      },
      "original": {
        "owner": "Bwc9876",
        "repo": "bingus-bot",
        "type": "github"
      }
    },
    "catppuccin": {
      "inputs": {
        "nixpkgs": [
          "nixpkgs"
        ]
      },
      "locked": {
        "lastModified": 1763110997,
        "narHash": "sha256-S2vF+3D/9vna3/vBV7LHiGUbp+ltPsQhvccIyim6VQg=",
        "owner": "catppuccin",
        "repo": "nix",
        "rev": "e6928cdd3dd20636326c2756d2bc8fd1cd825768",
        "type": "github"
      },
      "original": {
        "owner": "catppuccin",
        "repo": "nix",
        "type": "github"
      }
    },
    "crane": {
      "locked": {
        "lastModified": 1762538466,
        "narHash": "sha256-8zrIPl6J+wLm9MH5ksHcW7BUHo7jSNOu0/hA0ohOOaM=",
        "owner": "ipetkov",
        "repo": "crane",
        "rev": "0cea393fffb39575c46b7a0318386467272182fe",
        "type": "github"
      },
      "original": {
        "owner": "ipetkov",
        "repo": "crane",
        "type": "github"
      }
    },
    "crane_2": {
      "locked": {
        "lastModified": 1762538466,
        "narHash": "sha256-8zrIPl6J+wLm9MH5ksHcW7BUHo7jSNOu0/hA0ohOOaM=",
        "owner": "ipetkov",
        "repo": "crane",
        "rev": "0cea393fffb39575c46b7a0318386467272182fe",
        "type": "github"
      },
      "original": {
        "owner": "ipetkov",
        "repo": "crane",
        "type": "github"
      }
    },
    "crane_3": {
      "locked": {
        "lastModified": 1762538466,
        "narHash": "sha256-8zrIPl6J+wLm9MH5ksHcW7BUHo7jSNOu0/hA0ohOOaM=",
        "owner": "ipetkov",
        "repo": "crane",
        "rev": "0cea393fffb39575c46b7a0318386467272182fe",
        "type": "github"
      },
      "original": {
        "owner": "ipetkov",
        "repo": "crane",
        "type": "github"
      }
    },
    "crane_4": {
      "locked": {
        "lastModified": 1762538466,
        "narHash": "sha256-8zrIPl6J+wLm9MH5ksHcW7BUHo7jSNOu0/hA0ohOOaM=",
        "owner": "ipetkov",
        "repo": "crane",
        "rev": "0cea393fffb39575c46b7a0318386467272182fe",
        "type": "github"
      },
      "original": {
        "owner": "ipetkov",
        "repo": "crane",
        "type": "github"
      }
    },
    "deploy-rs": {
      "inputs": {
        "flake-compat": "flake-compat_2",
        "nixpkgs": [
          "spoon",
          "nixpkgs"
        ],
        "utils": "utils"
      },
      "locked": {
        "lastModified": 1762286984,
        "narHash": "sha256-9I2H9x5We6Pl+DBYHjR1s3UT8wgwcpAH03kn9CqtdQc=",
        "owner": "serokell",
        "repo": "deploy-rs",
        "rev": "9c870f63e28ec1e83305f7f6cb73c941e699f74f",
        "type": "github"
      },
      "original": {
        "owner": "serokell",
        "repo": "deploy-rs",
        "type": "github"
      }
    },
    "fenix": {
      "inputs": {
        "nixpkgs": [
          "nixpkgs"
        ],
        "rust-analyzer-src": "rust-analyzer-src"
      },
      "locked": {
        "lastModified": 1761979010,
        "narHash": "sha256-isqMvjTk3jdTHN6KA/BWQvOSVe7O35OQKAZNtLK76OY=",
        "owner": "nix-community",
        "repo": "fenix",
        "rev": "3107255abfe4f2d1c3eee7a3e2f5a5eb6f2200fe",
        "type": "github"
      },
      "original": {
        "owner": "nix-community",
        "ref": "monthly",
        "repo": "fenix",
        "type": "github"
      }
    },
    "fenix_2": {
      "inputs": {
        "nixpkgs": [
          "lanzaboote",
          "nixpkgs"
        ],
        "rust-analyzer-src": "rust-analyzer-src_2"
      },
      "locked": {
        "lastModified": 1763361733,
        "narHash": "sha256-ka7dpwH3HIXCyD2wl5F7cPLeRbqZoY2ullALsvxdPt8=",
        "owner": "nix-community",
        "repo": "fenix",
        "rev": "6c8d48e3b0ae371b19ac1485744687b788e80193",
        "type": "github"
      },
      "original": {
        "owner": "nix-community",
        "repo": "fenix",
        "type": "github"
      }
    },
    "fenix_3": {
      "inputs": {
        "nixpkgs": [
          "spoon",
          "nixpkgs"
        ],
        "rust-analyzer-src": "rust-analyzer-src_3"
      },
      "locked": {
        "lastModified": 1762757174,
        "narHash": "sha256-i2CZAiJNQsC7Wwk8fUZHS130W8HHLbmYqgT6ErYp5Zw=",
        "owner": "nix-community",
        "repo": "fenix",
        "rev": "9ada5aa8ebd5062c8c399ae59c3f77f266216a24",
        "type": "github"
      },
      "original": {
        "owner": "nix-community",
        "repo": "fenix",
        "type": "github"
      }
    },
    "flake-compat": {
      "flake": false,
      "locked": {
        "lastModified": 1761588595,
        "narHash": "sha256-XKUZz9zewJNUj46b4AJdiRZJAvSZ0Dqj2BNfXvFlJC4=",
        "owner": "edolstra",
        "repo": "flake-compat",
        "rev": "f387cd2afec9419c8ee37694406ca490c3f34ee5",
        "type": "github"
      },
      "original": {
        "owner": "edolstra",
        "repo": "flake-compat",
        "type": "github"
      }
    },
    "flake-compat_2": {
      "flake": false,
      "locked": {
        "lastModified": 1733328505,
        "narHash": "sha256-NeCCThCEP3eCl2l/+27kNNK7QrwZB1IJCrXfrbv5oqU=",
        "owner": "edolstra",
        "repo": "flake-compat",
        "rev": "ff81ac966bb2cae68946d5ed5fc4994f96d0ffec",
        "type": "github"
      },
      "original": {
        "owner": "edolstra",
        "repo": "flake-compat",
        "type": "github"
      }
    },
    "flake-parts": {
      "inputs": {
        "nixpkgs-lib": [
          "lanzaboote",
          "nixpkgs"
        ]
      },
      "locked": {
        "lastModified": 1762980239,
        "narHash": "sha256-8oNVE8TrD19ulHinjaqONf9QWCKK+w4url56cdStMpM=",
        "owner": "hercules-ci",
        "repo": "flake-parts",
        "rev": "52a2caecc898d0b46b2b905f058ccc5081f842da",
        "type": "github"
      },
      "original": {
        "owner": "hercules-ci",
        "repo": "flake-parts",
        "type": "github"
      }
    },
    "flake-parts_2": {
      "inputs": {
        "nixpkgs-lib": [
          "nixvim",
          "nixpkgs"
        ]
      },
      "locked": {
        "lastModified": 1762980239,
        "narHash": "sha256-8oNVE8TrD19ulHinjaqONf9QWCKK+w4url56cdStMpM=",
        "owner": "hercules-ci",
        "repo": "flake-parts",
        "rev": "52a2caecc898d0b46b2b905f058ccc5081f842da",
        "type": "github"
      },
      "original": {
        "owner": "hercules-ci",
        "repo": "flake-parts",
        "type": "github"
      }
    },
    "flake-utils": {
      "inputs": {
        "systems": "systems"
      },
      "locked": {
        "lastModified": 1731533236,
        "narHash": "sha256-l0KFg5HjrsfsO/JpG+r7fRrqm12kzFHyUHqHCVpMMbI=",
        "owner": "numtide",
        "repo": "flake-utils",
        "rev": "11707dc2f618dd54ca8739b309ec4fc024de578b",
        "type": "github"
      },
      "original": {
        "owner": "numtide",
        "repo": "flake-utils",
        "type": "github"
      }
    },
    "flakelight": {
      "inputs": {
        "nixpkgs": [
          "bingus",
          "nixpkgs"
        ]
      },
      "locked": {
        "lastModified": 1752106289,
        "narHash": "sha256-BC4hWjDDNVmRLvBFCHz7oKiapf1ndBRXPDNle/H+6e8=",
        "owner": "nix-community",
        "repo": "flakelight",
        "rev": "0c7170f19b170882f167a71cad1124714ffc192e",
        "type": "github"
      },
      "original": {
        "owner": "nix-community",
        "repo": "flakelight",
        "type": "github"
      }
    },
    "flakelight-rust": {
      "inputs": {
        "crane": "crane",
        "flakelight": [
          "gh-grader-preview",
          "flakelight"
        ]
      },
      "locked": {
        "lastModified": 1762865542,
        "narHash": "sha256-ye0wzGV4RJ2tO1tMQsw8hqlQxu6F8owPKgePHEFSdE0=",
        "owner": "accelbread",
        "repo": "flakelight-rust",
        "rev": "ba4c6d47cc064110bc6138ba8573c23264af00ba",
        "type": "github"
      },
      "original": {
        "owner": "accelbread",
        "repo": "flakelight-rust",
        "type": "github"
      }
    },
    "flakelight_2": {
      "inputs": {
        "nixpkgs": [
          "nixpkgs"
        ]
      },
      "locked": {
        "lastModified": 1762844981,
        "narHash": "sha256-Sghy+Gi+zcUDFfdDJuKyPMtF/klSTeWjmJZoQH7SwzA=",
        "owner": "nix-community",
        "repo": "flakelight",
        "rev": "faf9643dce373b7a556c77af8f8b961a75a066a4",
        "type": "github"
      },
      "original": {
        "owner": "nix-community",
        "repo": "flakelight",
        "type": "github"
      }
    },
    "flakelight_3": {
      "inputs": {
        "nixpkgs": [
          "gh-grader-preview",
          "nixpkgs"
        ]
      },
      "locked": {
        "lastModified": 1762844981,
        "narHash": "sha256-Sghy+Gi+zcUDFfdDJuKyPMtF/klSTeWjmJZoQH7SwzA=",
        "owner": "nix-community",
        "repo": "flakelight",
        "rev": "faf9643dce373b7a556c77af8f8b961a75a066a4",
        "type": "github"
      },
      "original": {
        "owner": "nix-community",
        "repo": "flakelight",
        "type": "github"
      }
    },
    "flakelight_4": {
      "inputs": {
        "nixpkgs": [
          "nu_plugin_dbus",
          "nixpkgs"
        ]
      },
      "locked": {
        "lastModified": 1762844981,
        "narHash": "sha256-Sghy+Gi+zcUDFfdDJuKyPMtF/klSTeWjmJZoQH7SwzA=",
        "owner": "nix-community",
        "repo": "flakelight",
        "rev": "faf9643dce373b7a556c77af8f8b961a75a066a4",
        "type": "github"
      },
      "original": {
        "owner": "nix-community",
        "repo": "flakelight",
        "type": "github"
      }
    },
    "flakelight_5": {
      "inputs": {
        "nixpkgs": [
          "wayland-mpris-idle-inhibit",
          "nixpkgs"
        ]
      },
      "locked": {
        "lastModified": 1762844981,
        "narHash": "sha256-Sghy+Gi+zcUDFfdDJuKyPMtF/klSTeWjmJZoQH7SwzA=",
        "owner": "nix-community",
        "repo": "flakelight",
        "rev": "faf9643dce373b7a556c77af8f8b961a75a066a4",
        "type": "github"
      },
      "original": {
        "owner": "nix-community",
        "repo": "flakelight",
        "type": "github"
      }
    },
    "gh-grader-preview": {
      "inputs": {
        "flakelight": "flakelight_3",
        "flakelight-rust": "flakelight-rust",
        "nixpkgs": [
          "nixpkgs"
        ]
      },
      "locked": {
        "lastModified": 1762968306,
        "narHash": "sha256-xPjGdFQXE9xXMA/CmWTkgrpp6Wtqy0Yo+Q8cQbanQSQ=",
        "owner": "Bwc9876",
        "repo": "gh-grader-preview",
        "rev": "4c13612797c048c141e437217c7cec2d74c38cd5",
        "type": "github"
      },
      "original": {
        "owner": "Bwc9876",
        "repo": "gh-grader-preview",
        "type": "github"
      }
    },
    "gitignore": {
      "inputs": {
        "nixpkgs": [
          "lanzaboote",
          "pre-commit-hooks-nix",
          "nixpkgs"
        ]
      },
      "locked": {
        "lastModified": 1709087332,
        "narHash": "sha256-HG2cCnktfHsKV0s4XW83gU3F57gaTljL9KNSuG6bnQs=",
        "owner": "hercules-ci",
        "repo": "gitignore.nix",
        "rev": "637db329424fd7e46cf4185293b9cc8c88c95394",
        "type": "github"
      },
      "original": {
        "owner": "hercules-ci",
        "repo": "gitignore.nix",
        "type": "github"
      }
    },
    "hm": {
      "inputs": {
        "nixpkgs": [
          "nixpkgs"
        ]
      },
      "locked": {
        "lastModified": 1763313531,
        "narHash": "sha256-yvdCYUL85zEDp2NzPUBmaNBXP6KnWEOhAk3j7PTfsKw=",
        "owner": "nix-community",
        "repo": "home-manager",
        "rev": "3670a78eee49deebe4825fc8ecc46b172d1a8391",
        "type": "github"
      },
      "original": {
        "owner": "nix-community",
        "repo": "home-manager",
        "type": "github"
      }
    },
    "imperm": {
      "locked": {
        "lastModified": 1737831083,
        "narHash": "sha256-LJggUHbpyeDvNagTUrdhe/pRVp4pnS6wVKALS782gRI=",
        "owner": "nix-community",
        "repo": "impermanence",
        "rev": "4b3e914cdf97a5b536a889e939fb2fd2b043a170",
        "type": "github"
      },
      "original": {
        "owner": "nix-community",
        "repo": "impermanence",
        "type": "github"
      }
    },
    "ixx": {
      "inputs": {
        "flake-utils": [
          "nixvim",
          "nuschtosSearch",
          "flake-utils"
        ],
        "nixpkgs": [
          "nixvim",
          "nuschtosSearch",
          "nixpkgs"
        ]
      },
      "locked": {
        "lastModified": 1754860581,
        "narHash": "sha256-EM0IE63OHxXCOpDHXaTyHIOk2cNvMCGPqLt/IdtVxgk=",
        "owner": "NuschtOS",
        "repo": "ixx",
        "rev": "babfe85a876162c4acc9ab6fb4483df88fa1f281",
        "type": "github"
      },
      "original": {
        "owner": "NuschtOS",
        "ref": "v0.1.1",
        "repo": "ixx",
        "type": "github"
      }
    },
    "lanzaboote": {
      "inputs": {
        "crane": "crane_2",
        "fenix": "fenix_2",
        "flake-compat": "flake-compat",
        "flake-parts": "flake-parts",
        "nixpkgs": [
          "nixpkgs"
        ],
        "pre-commit-hooks-nix": "pre-commit-hooks-nix"
      },
      "locked": {
        "lastModified": 1763376718,
        "narHash": "sha256-bIYjIla2w6bzozkohYxsU/BP0hLs9w48ZwxBfg3cShE=",
        "owner": "nix-community",
        "repo": "lanzaboote",
        "rev": "0859944b08039342a9bb069e7edc1e62bb4d0e65",
        "type": "github"
      },
      "original": {
        "owner": "nix-community",
        "repo": "lanzaboote",
        "type": "github"
      }
    },
    "niri": {
      "inputs": {
        "niri-stable": "niri-stable",
        "niri-unstable": "niri-unstable",
        "nixpkgs": [
          "nixpkgs"
        ],
        "nixpkgs-stable": "nixpkgs-stable",
        "xwayland-satellite-stable": "xwayland-satellite-stable",
        "xwayland-satellite-unstable": "xwayland-satellite-unstable"
      },
      "locked": {
        "lastModified": 1763376268,
        "narHash": "sha256-B1IJKNni8sIjMSdtnvgWsDvhb+FpUBIitq8cidysZGo=",
        "owner": "sodiboo",
        "repo": "niri-flake",
        "rev": "9b0c42a79bd092971e183d102365e549e4280002",
        "type": "github"
      },
      "original": {
        "owner": "sodiboo",
        "repo": "niri-flake",
        "type": "github"
      }
    },
    "niri-stable": {
      "flake": false,
      "locked": {
        "lastModified": 1756556321,
        "narHash": "sha256-RLD89dfjN0RVO86C/Mot0T7aduCygPGaYbog566F0Qo=",
        "owner": "YaLTeR",
        "repo": "niri",
        "rev": "01be0e65f4eb91a9cd624ac0b76aaeab765c7294",
        "type": "github"
      },
      "original": {
        "owner": "YaLTeR",
        "ref": "v25.08",
        "repo": "niri",
        "type": "github"
      }
    },
    "niri-unstable": {
      "flake": false,
      "locked": {
        "lastModified": 1763370666,
        "narHash": "sha256-Y4IYBfaTxffpm6UIbhY1Xfpij+aVh/C+tF9Tdg6nYig=",
        "owner": "YaLTeR",
        "repo": "niri",
        "rev": "7f19d268b3563e3683eaca02d9665fed66ce862e",
        "type": "github"
      },
      "original": {
        "owner": "YaLTeR",
        "repo": "niri",
        "type": "github"
      }
    },
    "nix-index-db": {
      "inputs": {
        "nixpkgs": [
          "nixpkgs"
        ]
      },
      "locked": {
        "lastModified": 1763265660,
        "narHash": "sha256-Ad9Rd3ZAidrH01xP73S3CjPiyXo7ywZs3uCESjPwUdc=",
        "owner": "nix-community",
        "repo": "nix-index-database",
        "rev": "469ef53571ea80890c9497952787920c79c1ee6e",
        "type": "github"
      },
      "original": {
        "owner": "nix-community",
        "repo": "nix-index-database",
        "type": "github"
      }
    },
    "nixos-hardware": {
      "locked": {
        "lastModified": 1762847253,
        "narHash": "sha256-BWWnUUT01lPwCWUvS0p6Px5UOBFeXJ8jR+ZdLX8IbrU=",
        "owner": "NixOS",
        "repo": "nixos-hardware",
        "rev": "899dc449bc6428b9ee6b3b8f771ca2b0ef945ab9",
        "type": "github"
      },
      "original": {
        "owner": "NixOS",
        "repo": "nixos-hardware",
        "type": "github"
      }
    },
    "nixpkgs": {
      "locked": {
        "lastModified": 1763283776,
        "narHash": "sha256-Y7TDFPK4GlqrKrivOcsHG8xSGqQx3A6c+i7novT85Uk=",
        "owner": "NixOS",
        "repo": "nixpkgs",
        "rev": "50a96edd8d0db6cc8db57dab6bb6d6ee1f3dc49a",
        "type": "github"
      },
      "original": {
        "owner": "NixOS",
        "ref": "nixos-unstable",
        "repo": "nixpkgs",
        "type": "github"
      }
    },
    "nixpkgs-stable": {
      "locked": {
        "lastModified": 1763049705,
        "narHash": "sha256-A5LS0AJZ1yDPTa2fHxufZN++n8MCmtgrJDtxFxrH4S8=",
        "owner": "NixOS",
        "repo": "nixpkgs",
        "rev": "3acb677ea67d4c6218f33de0db0955f116b7588c",
        "type": "github"
      },
      "original": {
        "owner": "NixOS",
        "ref": "nixos-25.05",
        "repo": "nixpkgs",
        "type": "github"
      }
    },
    "nixvim": {
      "inputs": {
        "flake-parts": "flake-parts_2",
        "nixpkgs": [
          "nixpkgs"
        ],
        "nuschtosSearch": "nuschtosSearch",
        "systems": "systems_2"
      },
      "locked": {
        "lastModified": 1763334942,
        "narHash": "sha256-ORaewCyY3Fff+XaGrRjWi0XYzC22YTr/H3oL9c9k+9I=",
        "owner": "nix-community",
        "repo": "nixvim",
        "rev": "59af09b1814538b826f30eac8024d126d8c36efc",
        "type": "github"
      },
      "original": {
        "owner": "nix-community",
        "repo": "nixvim",
        "type": "github"
      }
    },
    "nu_plugin_dbus": {
      "inputs": {
        "crane": "crane_3",
        "flakelight": "flakelight_4",
        "nixpkgs": [
          "nixpkgs"
        ]
      },
      "locked": {
        "lastModified": 1763136727,
        "narHash": "sha256-UKzRG4/AR075DE6H3fAFA3y8tw+39qIwhUTC8FMZYLY=",
        "owner": "Bwc9876",
        "repo": "nu_plugin_dbus",
        "rev": "9aae652c46c40726c469030222af1414efe25513",
        "type": "github"
      },
      "original": {
        "owner": "Bwc9876",
        "repo": "nu_plugin_dbus",
        "type": "github"
      }
    },
    "nuschtosSearch": {
      "inputs": {
        "flake-utils": "flake-utils",
        "ixx": "ixx",
        "nixpkgs": [
          "nixvim",
          "nixpkgs"
        ]
      },
      "locked": {
        "lastModified": 1761730856,
        "narHash": "sha256-t1i5p/vSWwueZSC0Z2BImxx3BjoUDNKyC2mk24krcMY=",
        "owner": "NuschtOS",
        "repo": "search",
        "rev": "e29de6db0cb3182e9aee75a3b1fd1919d995d85b",
        "type": "github"
      },
      "original": {
        "owner": "NuschtOS",
        "repo": "search",
        "type": "github"
      }
    },
    "pre-commit-hooks-nix": {
      "inputs": {
        "flake-compat": [
          "lanzaboote",
          "flake-compat"
        ],
        "gitignore": "gitignore",
        "nixpkgs": [
          "lanzaboote",
          "nixpkgs"
        ]
      },
      "locked": {
        "lastModified": 1763319842,
        "narHash": "sha256-YG19IyrTdnVn0l3DvcUYm85u3PaqBt6tI6VvolcuHnA=",
        "owner": "cachix",
        "repo": "pre-commit-hooks.nix",
        "rev": "7275fa67fbbb75891c16d9dee7d88e58aea2d761",
        "type": "github"
      },
      "original": {
        "owner": "cachix",
        "repo": "pre-commit-hooks.nix",
        "type": "github"
      }
    },
    "pyproject-build-systems": {
      "inputs": {
        "nixpkgs": [
          "bingus",
          "nixpkgs"
        ],
        "pyproject-nix": [
          "bingus",
          "pyproject-nix"
        ],
        "uv2nix": [
          "bingus",
          "uv2nix"
        ]
      },
      "locked": {
        "lastModified": 1749519371,
        "narHash": "sha256-UJONN7mA2stweZCoRcry2aa1XTTBL0AfUOY84Lmqhos=",
        "owner": "pyproject-nix",
        "repo": "build-system-pkgs",
        "rev": "7c06967eca687f3482624250428cc12f43c92523",
        "type": "github"
      },
      "original": {
        "owner": "pyproject-nix",
        "repo": "build-system-pkgs",
        "type": "github"
      }
    },
    "pyproject-nix": {
      "inputs": {
        "nixpkgs": [
          "bingus",
          "nixpkgs"
        ]
      },
      "locked": {
        "lastModified": 1751557494,
        "narHash": "sha256-dnueIffmEKtG0V4feifalsOYaHXXsrGMaoKI+4O7v/8=",
        "owner": "pyproject-nix",
        "repo": "pyproject.nix",
        "rev": "939ef94aea81c17bfd2f388465309eab76c45c37",
        "type": "github"
      },
      "original": {
        "owner": "pyproject-nix",
        "repo": "pyproject.nix",
        "type": "github"
      }
    },
    "root": {
      "inputs": {
        "bingus": "bingus",
        "catppuccin": "catppuccin",
        "fenix": "fenix",
        "flakelight": "flakelight_2",
        "gh-grader-preview": "gh-grader-preview",
        "hm": "hm",
        "imperm": "imperm",
        "lanzaboote": "lanzaboote",
        "niri": "niri",
        "nix-index-db": "nix-index-db",
        "nixos-hardware": "nixos-hardware",
        "nixpkgs": "nixpkgs",
        "nixvim": "nixvim",
        "nu_plugin_dbus": "nu_plugin_dbus",
        "spoon": "spoon",
        "wayland-mpris-idle-inhibit": "wayland-mpris-idle-inhibit"
      }
    },
    "rust-analyzer-src": {
      "flake": false,
      "locked": {
        "lastModified": 1761894503,
        "narHash": "sha256-SreGV62DEv7kLJEcOBrw2V6Kup0siT4wS3Ye8PlFTdE=",
        "owner": "rust-lang",
        "repo": "rust-analyzer",
        "rev": "2e2e3ebec91215078de9b754363fc9a7b0fdef13",
        "type": "github"
      },
      "original": {
        "owner": "rust-lang",
        "ref": "nightly",
        "repo": "rust-analyzer",
        "type": "github"
      }
    },
    "rust-analyzer-src_2": {
      "flake": false,
      "locked": {
        "lastModified": 1762860488,
        "narHash": "sha256-rMfWMCOo/pPefM2We0iMBLi2kLBAnYoB9thi4qS7uk4=",
        "owner": "rust-lang",
        "repo": "rust-analyzer",
        "rev": "2efc80078029894eec0699f62ec8d5c1a56af763",
        "type": "github"
      },
      "original": {
        "owner": "rust-lang",
        "ref": "nightly",
        "repo": "rust-analyzer",
        "type": "github"
      }
    },
    "rust-analyzer-src_3": {
      "flake": false,
      "locked": {
        "lastModified": 1762722525,
        "narHash": "sha256-cM1u88yehAW7S4Y4t7+fDHwmtXSOZUh24ELmAtYH37c=",
        "owner": "rust-lang",
        "repo": "rust-analyzer",
        "rev": "21f8445ea523e83cd4f11b0a67a3a5ced2b1f56f",
        "type": "github"
      },
      "original": {
        "owner": "rust-lang",
        "ref": "nightly",
        "repo": "rust-analyzer",
        "type": "github"
      }
    },
    "spoon": {
      "inputs": {
        "deploy-rs": "deploy-rs",
        "fenix": "fenix_3",
        "flakelight": [
          "flakelight"
        ],
        "home-manager": [
          "hm"
        ],
        "impermanence": [
          "imperm"
        ],
        "nixpkgs": [
          "nixpkgs"
        ]
      },
      "locked": {
        "lastModified": 1763331056,
        "narHash": "sha256-AkM1Ox7942HmkXnQGN4oFQzn8dMv8h25Z2jtblKM6ec=",
        "ref": "refs/heads/main",
        "rev": "5e15a6a980c6f2d8aa9537cacd439dd0b1ffdb49",
        "revCount": 308,
        "type": "git",
        "url": "https://codeberg.org/spoonbaker/mono"
      },
      "original": {
        "type": "git",
        "url": "https://codeberg.org/spoonbaker/mono"
      }
    },
    "systems": {
      "locked": {
        "lastModified": 1681028828,
        "narHash": "sha256-Vy1rq5AaRuLzOxct8nz4T6wlgyUR7zLU309k9mBC768=",
        "owner": "nix-systems",
        "repo": "default",
        "rev": "da67096a3b9bf56a91d16901293e51ba5b49a27e",
        "type": "github"
      },
      "original": {
        "owner": "nix-systems",
        "repo": "default",
        "type": "github"
      }
    },
    "systems_2": {
      "locked": {
        "lastModified": 1681028828,
        "narHash": "sha256-Vy1rq5AaRuLzOxct8nz4T6wlgyUR7zLU309k9mBC768=",
        "owner": "nix-systems",
        "repo": "default",
        "rev": "da67096a3b9bf56a91d16901293e51ba5b49a27e",
        "type": "github"
      },
      "original": {
        "owner": "nix-systems",
        "repo": "default",
        "type": "github"
      }
    },
    "systems_3": {
      "locked": {
        "lastModified": 1681028828,
        "narHash": "sha256-Vy1rq5AaRuLzOxct8nz4T6wlgyUR7zLU309k9mBC768=",
        "owner": "nix-systems",
        "repo": "default",
        "rev": "da67096a3b9bf56a91d16901293e51ba5b49a27e",
        "type": "github"
      },
      "original": {
        "owner": "nix-systems",
        "repo": "default",
        "type": "github"
      }
    },
    "utils": {
      "inputs": {
        "systems": "systems_3"
      },
      "locked": {
        "lastModified": 1731533236,
        "narHash": "sha256-l0KFg5HjrsfsO/JpG+r7fRrqm12kzFHyUHqHCVpMMbI=",
        "owner": "numtide",
        "repo": "flake-utils",
        "rev": "11707dc2f618dd54ca8739b309ec4fc024de578b",
        "type": "github"
      },
      "original": {
        "owner": "numtide",
        "repo": "flake-utils",
        "type": "github"
      }
    },
    "uv2nix": {
      "inputs": {
        "nixpkgs": [
          "bingus",
          "nixpkgs"
        ],
        "pyproject-nix": [
          "bingus",
          "pyproject-nix"
        ]
      },
      "locked": {
        "lastModified": 1751420388,
        "narHash": "sha256-2YFsXeGoDtmi1VZY36j+/MRfwFjKzby2fDEF209uL/E=",
        "owner": "pyproject-nix",
        "repo": "uv2nix",
        "rev": "65e3a0aabbc1cafc9289c53ccb9777ba0e8b705c",
        "type": "github"
      },
      "original": {
        "owner": "pyproject-nix",
        "repo": "uv2nix",
        "type": "github"
      }
    },
    "wayland-mpris-idle-inhibit": {
      "inputs": {
        "crane": "crane_4",
        "flakelight": "flakelight_5",
        "nixpkgs": [
          "nixpkgs"
        ]
      },
      "locked": {
        "lastModified": 1763136818,
        "narHash": "sha256-6nDklWdTSDErRkVwhSg6pNxbh+eJmnqKWCpfqhq9rtg=",
        "owner": "Bwc9876",
        "repo": "wayland-mpris-idle-inhibit",
        "rev": "804db180a94bc21ad60515af832ecc01e4c00cca",
        "type": "github"
      },
      "original": {
        "owner": "Bwc9876",
        "repo": "wayland-mpris-idle-inhibit",
        "type": "github"
      }
    },
    "xwayland-satellite-stable": {
      "flake": false,
      "locked": {
        "lastModified": 1755491097,
        "narHash": "sha256-m+9tUfsmBeF2Gn4HWa6vSITZ4Gz1eA1F5Kh62B0N4oE=",
        "owner": "Supreeeme",
        "repo": "xwayland-satellite",
        "rev": "388d291e82ffbc73be18169d39470f340707edaa",
        "type": "github"
      },
      "original": {
        "owner": "Supreeeme",
        "ref": "v0.7",
        "repo": "xwayland-satellite",
        "type": "github"
      }
    },
    "xwayland-satellite-unstable": {
      "flake": false,
      "locked": {
        "lastModified": 1762747449,
        "narHash": "sha256-Z1TKiux8K09a93w4PFDFsj8HFugXNy3iCC3Z8MpR5Rk=",
        "owner": "Supreeeme",
        "repo": "xwayland-satellite",
        "rev": "6338574bc5c036487486acde264f38f39ea15fad",
        "type": "github"
      },
      "original": {
        "owner": "Supreeeme",
        "repo": "xwayland-satellite",
        "type": "github"
      }
    }
  },
  "root": "root",
  "version": 7
}
